
Microsoft Visual Studio Solution File, Format Version 12.00
# Visual Studio 15
VisualStudioVersion = 15.0.28307.1022
MinimumVisualStudioVersion = 10.0.40219.1
Project("{FAE04EC0-301F-11D3-BF4B-00C04F79EFBC}") = "TAAKit", "TAAKit\TAAKit.csproj", "{FCE6458D-2012-4486-B21C-7C69039913C1}"
EndProject
Project("{FAE04EC0-301F-11D3-BF4B-00C04F79EFBC}") = "Kafka", "Kafka\Kafka.csproj", "{78CA9294-05F1-43FF-83DF-7B07E34561A7}"
EndProject
Global
	GlobalSection(SolutionConfigurationPlatforms) = preSolution
		Debug|Any CPU = Debug|Any CPU
		Release|Any CPU = Release|Any CPU
	EndGlobalSection
	GlobalSection(ProjectConfigurationPlatforms) = postSolution
		{FCE6458D-2012-4486-B21C-7C69039913C1}.Debug|Any CPU.ActiveCfg = Debug|Any CPU
		{FCE6458D-2012-4486-B21C-7C69039913C1}.Debug|Any CPU.Build.0 = Debug|Any CPU
		{FCE6458D-2012-4486-B21C-7C69039913C1}.Release|Any CPU.ActiveCfg = Release|Any CPU
		{FCE6458D-2012-4486-B21C-7C69039913C1}.Release|Any CPU.Build.0 = Release|Any CPU
		{78CA9294-05F1-43FF-83DF-7B07E34561A7}.Debug|Any CPU.ActiveCfg = Debug|Any CPU
		{78CA9294-05F1-43FF-83DF-7B07E34561A7}.Debug|Any CPU.Build.0 = Debug|Any CPU
		{78CA9294-05F1-43FF-83DF-7B07E34561A7}.Release|Any CPU.ActiveCfg = Release|Any CPU
		{78CA9294-05F1-43FF-83DF-7B07E34561A7}.Release|Any CPU.Build.0 = Release|Any CPU
	EndGlobalSection
	GlobalSection(SolutionProperties) = preSolution
		HideSolutionNode = FALSE
	EndGlobalSection
	GlobalSection(ExtensibilityGlobals) = postSolution
		SolutionGuid = {8D4EEBE4-A1CC-4032-993C-1887EC20F6CE}
	EndGlobalSection
EndGlobal
